// !$*UTF8*$!
{
	archiveVersion = 1;
	classes = {
	};
	objectVersion = 46;
	objects = {

/* Begin PBXBuildFile section */
		B38923351C6112FD0086DF4D /* main.m in Sources */ = {isa = PBXBuildFile; fileRef = B38923341C6112FD0086DF4D /* main.m */; };
		B38923381C6112FD0086DF4D /* AppDelegate.m in Sources */ = {isa = PBXBuildFile; fileRef = B38923371C6112FD0086DF4D /* AppDelegate.m */; };
		B389233B1C6112FD0086DF4D /* ViewController.m in Sources */ = {isa = PBXBuildFile; fileRef = B389233A1C6112FD0086DF4D /* ViewController.m */; };
		B389233E1C6112FD0086DF4D /* Main.storyboard in Resources */ = {isa = PBXBuildFile; fileRef = B389233C1C6112FD0086DF4D /* Main.storyboard */; };
		B38923401C6112FD0086DF4D /* Images.xcassets in Resources */ = {isa = PBXBuildFile; fileRef = B389233F1C6112FD0086DF4D /* Images.xcassets */; };
		B38923431C6112FD0086DF4D /* LaunchScreen.xib in Resources */ = {isa = PBXBuildFile; fileRef = B38923411C6112FD0086DF4D /* LaunchScreen.xib */; };
		B389234F1C6112FD0086DF4D /* Basic_ProgrammaticLayoutConstraintsTests.m in Sources */ = {isa = PBXBuildFile; fileRef = B389234E1C6112FD0086DF4D /* Basic_ProgrammaticLayoutConstraintsTests.m */; };
/* End PBXBuildFile section */

/* Begin PBXContainerItemProxy section */
		B38923491C6112FD0086DF4D /* PBXContainerItemProxy */ = {
			isa = PBXContainerItemProxy;
			containerPortal = B38923271C6112FD0086DF4D /* Project object */;
			proxyType = 1;
			remoteGlobalIDString = B389232E1C6112FD0086DF4D;
			remoteInfo = "Basic-ProgrammaticLayoutConstraints";
		};
/* End PBXContainerItemProxy section */

/* Begin PBXFileReference section */
		B389232F1C6112FD0086DF4D /* Basic-ProgrammaticLayoutConstraints.app */ = {isa = PBXFileReference; explicitFileType = wrapper.application; includeInIndex = 0; path = "Basic-ProgrammaticLayoutConstraints.app"; sourceTree = BUILT_PRODUCTS_DIR; };
		B38923331C6112FD0086DF4D /* Info.plist */ = {isa = PBXFileReference; lastKnownFileType = text.plist.xml; path = Info.plist; sourceTree = "<group>"; };
		B38923341C6112FD0086DF4D /* main.m */ = {isa = PBXFileReference; lastKnownFileType = sourcecode.c.objc; path = main.m; sourceTree = "<group>"; };
		B38923361C6112FD0086DF4D /* AppDelegate.h */ = {isa = PBXFileReference; lastKnownFileType = sourcecode.c.h; path = AppDelegate.h; sourceTree = "<group>"; };
		B38923371C6112FD0086DF4D /* AppDelegate.m */ = {isa = PBXFileReference; lastKnownFileType = sourcecode.c.objc; path = AppDelegate.m; sourceTree = "<group>"; };
		B38923391C6112FD0086DF4D /* ViewController.h */ = {isa = PBXFileReference; lastKnownFileType = sourcecode.c.h; path = ViewController.h; sourceTree = "<group>"; };
		B389233A1C6112FD0086DF4D /* ViewController.m */ = {isa = PBXFileReference; lastKnownFileType = sourcecode.c.objc; path = ViewController.m; sourceTree = "<group>"; };
		B389233D1C6112FD0086DF4D /* Base */ = {isa = PBXFileReference; lastKnownFileType = file.storyboard; name = Base; path = Base.lproj/Main.storyboard; sourceTree = "<group>"; };
		B389233F1C6112FD0086DF4D /* Images.xcassets */ = {isa = PBXFileReference; lastKnownFileType = folder.assetcatalog; path = Images.xcassets; sourceTree = "<group>"; };
		B38923421C6112FD0086DF4D /* Base */ = {isa = PBXFileReference; lastKnownFileType = file.xib; name = Base; path = Base.lproj/LaunchScreen.xib; sourceTree = "<group>"; };
		B38923481C6112FD0086DF4D /* Basic-ProgrammaticLayoutConstraintsTests.xctest */ = {isa = PBXFileReference; explicitFileType = wrapper.cfbundle; includeInIndex = 0; path = "Basic-ProgrammaticLayoutConstraintsTests.xctest"; sourceTree = BUILT_PRODUCTS_DIR; };
		B389234D1C6112FD0086DF4D /* Info.plist */ = {isa = PBXFileReference; lastKnownFileType = text.plist.xml; path = Info.plist; sourceTree = "<group>"; };
		B389234E1C6112FD0086DF4D /* Basic_ProgrammaticLayoutConstraintsTests.m */ = {isa = PBXFileReference; lastKnownFileType = sourcecode.c.objc; path = Basic_ProgrammaticLayoutConstraintsTests.m; sourceTree = "<group>"; };
/* End PBXFileReference section */

/* Begin PBXFrameworksBuildPhase section */
		B389232C1C6112FD0086DF4D /* Frameworks */ = {
			isa = PBXFrameworksBuildPhase;
			buildActionMask = 2147483647;
			files = (
			);
			runOnlyForDeploymentPostprocessing = 0;
		};
		B38923451C6112FD0086DF4D /* Frameworks */ = {
			isa = PBXFrameworksBuildPhase;
			buildActionMask = 2147483647;
			files = (
			);
			runOnlyForDeploymentPostprocessing = 0;
		};
/* End PBXFrameworksBuildPhase section */

/* Begin PBXGroup section */
		B38923261C6112FD0086DF4D = {
			isa = PBXGroup;
			children = (
				B38923311C6112FD0086DF4D /* Basic-ProgrammaticLayoutConstraints */,
				B389234B1C6112FD0086DF4D /* Basic-ProgrammaticLayoutConstraintsTests */,
				B38923301C6112FD0086DF4D /* Products */,
			);
			sourceTree = "<group>";
		};
		B38923301C6112FD0086DF4D /* Products */ = {
			isa = PBXGroup;
			children = (
				B389232F1C6112FD0086DF4D /* Basic-ProgrammaticLayoutConstraints.app */,
				B38923481C6112FD0086DF4D /* Basic-ProgrammaticLayoutConstraintsTests.xctest */,
			);
			name = Products;
			sourceTree = "<group>";
		};
		B38923311C6112FD0086DF4D /* Basic-ProgrammaticLayoutConstraints */ = {
			isa = PBXGroup;
			children = (
				B38923361C6112FD0086DF4D /* AppDelegate.h */,
				B38923371C6112FD0086DF4D /* AppDelegate.m */,
				B38923391C6112FD0086DF4D /* ViewController.h */,
				B389233A1C6112FD0086DF4D /* ViewController.m */,
				B389233C1C6112FD0086DF4D /* Main.storyboard */,
				B389233F1C6112FD0086DF4D /* Images.xcassets */,
				B38923411C6112FD0086DF4D /* LaunchScreen.xib */,
				B38923321C6112FD0086DF4D /* Supporting Files */,
			);
			path = "Basic-ProgrammaticLayoutConstraints";
			sourceTree = "<group>";
		};
		B38923321C6112FD0086DF4D /* Supporting Files */ = {
			isa = PBXGroup;
			children = (
				B38923331C6112FD0086DF4D /* Info.plist */,
				B38923341C6112FD0086DF4D /* main.m */,
			);
			name = "Supporting Files";
			sourceTree = "<group>";
		};
		B389234B1C6112FD0086DF4D /* Basic-ProgrammaticLayoutConstraintsTests */ = {
			isa = PBXGroup;
			children = (
				B389234E1C6112FD0086DF4D /* Basic_ProgrammaticLayoutConstraintsTests.m */,
				B389234C1C6112FD0086DF4D /* Supporting Files */,
			);
			path = "Basic-ProgrammaticLayoutConstraintsTests";
			sourceTree = "<group>";
		};
		B389234C1C6112FD0086DF4D /* Supporting Files */ = {
			isa = PBXGroup;
			children = (
				B389234D1C6112FD0086DF4D /* Info.plist */,
			);
			name = "Supporting Files";
			sourceTree = "<group>";
		};
/* End PBXGroup section */

/* Begin PBXNativeTarget section */
		B389232E1C6112FD0086DF4D /* Basic-ProgrammaticLayoutConstraints */ = {
			isa = PBXNativeTarget;
			buildConfigurationList = B38923521C6112FD0086DF4D /* Build configuration list for PBXNativeTarget "Basic-ProgrammaticLayoutConstraints" */;
			buildPhases = (
				B389232B1C6112FD0086DF4D /* Sources */,
				B389232C1C6112FD0086DF4D /* Frameworks */,
				B389232D1C6112FD0086DF4D /* Resources */,
			);
			buildRules = (
			);
			dependencies = (
			);
			name = "Basic-ProgrammaticLayoutConstraints";
			productName = "Basic-ProgrammaticLayoutConstraints";
			productReference = B389232F1C6112FD0086DF4D /* Basic-ProgrammaticLayoutConstraints.app */;
			productType = "com.apple.product-type.application";
		};
		B38923471C6112FD0086DF4D /* Basic-ProgrammaticLayoutConstraintsTests */ = {
			isa = PBXNativeTarget;
			buildConfigurationList = B38923551C6112FD0086DF4D /* Build configuration list for PBXNativeTarget "Basic-ProgrammaticLayoutConstraintsTests" */;
			buildPhases = (
				B38923441C6112FD0086DF4D /* Sources */,
				B38923451C6112FD0086DF4D /* Frameworks */,
				B38923461C6112FD0086DF4D /* Resources */,
			);
			buildRules = (
			);
			dependencies = (
				B389234A1C6112FD0086DF4D /* PBXTargetDependency */,
			);
			name = "Basic-ProgrammaticLayoutConstraintsTests";
			productName = "Basic-ProgrammaticLayoutConstraintsTests";
			productReference = B38923481C6112FD0086DF4D /* Basic-ProgrammaticLayoutConstraintsTests.xctest */;
			productType = "com.apple.product-type.bundle.unit-test";
		};
/* End PBXNativeTarget section */

/* Begin PBXProject section */
		B38923271C6112FD0086DF4D /* Project object */ = {
			isa = PBXProject;
			attributes = {
				LastUpgradeCheck = 0640;
				ORGANIZATIONNAME = ccl2of4;
				TargetAttributes = {
					B389232E1C6112FD0086DF4D = {
						CreatedOnToolsVersion = 6.4;
					};
					B38923471C6112FD0086DF4D = {
						CreatedOnToolsVersion = 6.4;
						TestTargetID = B389232E1C6112FD0086DF4D;
					};
				};
			};
			buildConfigurationList = B389232A1C6112FD0086DF4D /* Build configuration list for PBXProject "Basic-ProgrammaticLayoutConstraints" */;
			compatibilityVersion = "Xcode 3.2";
			developmentRegion = English;
			hasScannedForEncodings = 0;
			knownRegions = (
				en,
				Base,
			);
			mainGroup = B38923261C6112FD0086DF4D;
			productRefGroup = B38923301C6112FD0086DF4D /* Products */;
			projectDirPath = "";
			projectRoot = "";
			targets = (
				B389232E1C6112FD0086DF4D /* Basic-ProgrammaticLayoutConstraints */,
				B38923471C6112FD0086DF4D /* Basic-ProgrammaticLayoutConstraintsTests */,
			);
		};
/* End PBXProject section */

/* Begin PBXResourcesBuildPhase section */
		B389232D1C6112FD0086DF4D /* Resources */ = {
			isa = PBXResourcesBuildPhase;
			buildActionMask = 2147483647;
			files = (
				B389233E1C6112FD0086DF4D /* Main.storyboard in Resources */,
				B38923431C6112FD0086DF4D /* LaunchScreen.xib in Resources */,
				B38923401C6112FD0086DF4D /* Images.xcassets in Resources */,
			);
			runOnlyForDeploymentPostprocessing = 0;
		};
		B38923461C6112FD0086DF4D /* Resources */ = {
			isa = PBXResourcesBuildPhase;
			buildActionMask = 2147483647;
			files = (
			);
			runOnlyForDeploymentPostprocessing = 0;
		};
/* End PBXResourcesBuildPhase section */

/* Begin PBXSourcesBuildPhase section */
		B389232B1C6112FD0086DF4D /* Sources */ = {
			isa = PBXSourcesBuildPhase;
			buildActionMask = 2147483647;
			files = (
				B389233B1C6112FD0086DF4D /* ViewController.m in Sources */,
				B38923381C6112FD0086DF4D /* AppDelegate.m in Sources */,
				B38923351C6112FD0086DF4D /* main.m in Sources */,
			);
			runOnlyForDeploymentPostprocessing = 0;
		};
		B38923441C6112FD0086DF4D /* Sources */ = {
			isa = PBXSourcesBuildPhase;
			buildActionMask = 2147483647;
			files = (
				B389234F1C6112FD0086DF4D /* Basic_ProgrammaticLayoutConstraintsTests.m in Sources */,
			);
			runOnlyForDeploymentPostprocessing = 0;
		};
/* End PBXSourcesBuildPhase section */

/* Begin PBXTargetDependency section */
		B389234A1C6112FD0086DF4D /* PBXTargetDependency */ = {
			isa = PBXTargetDependency;
			target = B389232E1C6112FD0086DF4D /* Basic-ProgrammaticLayoutConstraints */;
			targetProxy = B38923491C6112FD0086DF4D /* PBXContainerItemProxy */;
		};
/* End PBXTargetDependency section */

/* Begin PBXVariantGroup section */
		B389233C1C6112FD0086DF4D /* Main.storyboard */ = {
			isa = PBXVariantGroup;
			children = (
				B389233D1C6112FD0086DF4D /* Base */,
			);
			name = Main.storyboard;
			sourceTree = "<group>";
		};
		B38923411C6112FD0086DF4D /* LaunchScreen.xib */ = {
			isa = PBXVariantGroup;
			children = (
				B38923421C6112FD0086DF4D /* Base */,
			);
			name = LaunchScreen.xib;
			sourceTree = "<group>";
		};
/* End PBXVariantGroup section */

/* Begin XCBuildConfiguration section */
		B38923501C6112FD0086DF4D /* Debug */ = {
			isa = XCBuildConfiguration;
			buildSettings = {
				ALWAYS_SEARCH_USER_PATHS = NO;
				CLANG_CXX_LANGUAGE_STANDARD = "gnu++0x";
				CLANG_CXX_LIBRARY = "libc++";
				CLANG_ENABLE_MODULES = YES;
				CLANG_ENABLE_OBJC_ARC = YES;
				CLANG_WARN_BOOL_CONVERSION = YES;
				CLANG_WARN_CONSTANT_CONVERSION = YES;
				CLANG_WARN_DIRECT_OBJC_ISA_USAGE = YES_ERROR;
				CLANG_WARN_EMPTY_BODY = YES;
				CLANG_WARN_ENUM_CONVERSION = YES;
				CLANG_WARN_INT_CONVERSION = YES;
				CLANG_WARN_OBJC_ROOT_CLASS = YES_ERROR;
				CLANG_WARN_UNREACHABLE_CODE = YES;
				CLANG_WARN__DUPLICATE_METHOD_MATCH = YES;
				"CODE_SIGN_IDENTITY[sdk=iphoneos*]" = "iPhone Developer";
				COPY_PHASE_STRIP = NO;
				DEBUG_INFORMATION_FORMAT = "dwarf-with-dsym";
				ENABLE_STRICT_OBJC_MSGSEND = YES;
				GCC_C_LANGUAGE_STANDARD = gnu99;
				GCC_DYNAMIC_NO_PIC = NO;
				GCC_NO_COMMON_BLOCKS = YES;
				GCC_OPTIMIZATION_LEVEL = 0;
				GCC_PREPROCESSOR_DEFINITIONS = (
					"DEBUG=1",
					"$(inherited)",
				);
				GCC_SYMBOLS_PRIVATE_EXTERN = NO;
				GCC_WARN_64_TO_32_BIT_CONVERSION = YES;
				GCC_WARN_ABOUT_RETURN_TYPE = YES_ERROR;
				GCC_WARN_UNDECLARED_SELECTOR = YES;
				GCC_WARN_UNINITIALIZED_AUTOS = YES_AGGRESSIVE;
				GCC_WARN_UNUSED_FUNCTION = YES;
				GCC_WARN_UNUSED_VARIABLE = YES;
				IPHONEOS_DEPLOYMENT_TARGET = 8.4;
				MTL_ENABLE_DEBUG_INFO = YES;
				ONLY_ACTIVE_ARCH = YES;
				SDKROOT = iphoneos;
				TARGETED_DEVICE_FAMILY = "1,2";
			};
			name = Debug;
		};
		B38923511C6112FD0086DF4D /* Release */ = {
			isa = XCBuildConfiguration;
			buildSettings = {
				ALWAYS_SEARCH_USER_PATHS = NO;
				CLANG_CXX_LANGUAGE_STANDARD = "gnu++0x";
				CLANG_CXX_LIBRARY = "libc++";
				CLANG_ENABLE_MODULES = YES;
				CLANG_ENABLE_OBJC_ARC = YES;
				CLANG_WARN_BOOL_CONVERSION = YES;
				CLANG_WARN_CONSTANT_CONVERSION = YES;
				CLANG_WARN_DIRECT_OBJC_ISA_USAGE = YES_ERROR;
				CLANG_WARN_EMPTY_BODY = YES;
				CLANG_WARN_ENUM_CONVERSION = YES;
				CLANG_WARN_INT_CONVERSION = YES;
				CLANG_WARN_OBJC_ROOT_CLASS = YES_ERROR;
				CLANG_WARN_UNREACHABLE_CODE = YES;
				CLANG_WARN__DUPLICATE_METHOD_MATCH = YES;
				"CODE_SIGN_IDENTITY[sdk=iphoneos*]" = "iPhone Developer";
				COPY_PHASE_STRIP = NO;
				DEBUG_INFORMATION_FORMAT = "dwarf-with-dsym";
				ENABLE_NS_ASSERTIONS = NO;
				ENABLE_STRICT_OBJC_MSGSEND = YES;
				GCC_C_LANGUAGE_STANDARD = gnu99;
				GCC_NO_COMMON_BLOCKS = YES;
				GCC_WARN_64_TO_32_BIT_CONVERSION = YES;
				GCC_WARN_ABOUT_RETURN_TYPE = YES_ERROR;
				GCC_WARN_UNDECLARED_SELECTOR = YES;
				GCC_WARN_UNINITIALIZED_AUTOS = YES_AGGRESSIVE;
				GCC_WARN_UNUSED_FUNCTION = YES;
				GCC_WARN_UNUSED_VARIABLE = YES;
				IPHONEOS_DEPLOYMENT_TARGET = 8.4;
				MTL_ENABLE_DEBUG_INFO = NO;
				SDKROOT = iphoneos;
				TARGETED_DEVICE_FAMILY = "1,2";
				VALIDATE_PRODUCT = YES;
			};
			name = Release;
		};
		B38923531C6112FD0086DF4D /* Debug */ = {
			isa = XCBuildConfiguration;
			buildSettings = {
				ASSETCATALOG_COMPILER_APPICON_NAME = AppIcon;
				INFOPLIST_FILE = "Basic-ProgrammaticLayoutConstraints/Info.plist";
				LD_RUNPATH_SEARCH_PATHS = "$(inherited) @executable_path/Frameworks";
				PRODUCT_NAME = "$(TARGET_NAME)";
			};
			name = Debug;
		};
		B38923541C6112FD0086DF4D /* Release */ = {
			isa = XCBuildConfiguration;
			buildSettings = {
				ASSETCATALOG_COMPILER_APPICON_NAME = AppIcon;
				INFOPLIST_FILE = "Basic-ProgrammaticLayoutConstraints/Info.plist";
				LD_RUNPATH_SEARCH_PATHS = "$(inherited) @executable_path/Frameworks";
				PRODUCT_NAME = "$(TARGET_NAME)";
			};
			name = Release;
		};
		B38923561C6112FD0086DF4D /* Debug */ = {
			isa = XCBuildConfiguration;
			buildSettings = {
				BUNDLE_LOADER = "$(TEST_HOST)";
				FRAMEWORK_SEARCH_PATHS = (
					"$(SDKROOT)/Developer/Library/Frameworks",
					"$(inherited)",
				);
				GCC_PREPROCESSOR_DEFINITIONS = (
					"DEBUG=1",
					"$(inherited)",
				);
				INFOPLIST_FILE = "Basic-ProgrammaticLayoutConstraintsTests/Info.plist";
				LD_RUNPATH_SEARCH_PATHS = "$(inherited) @executable_path/Frameworks @loader_path/Frameworks";
				PRODUCT_NAME = "$(TARGET_NAME)";
				TEST_HOST = "$(BUILT_PRODUCTS_DIR)/Basic-ProgrammaticLayoutConstraints.app/Basic-ProgrammaticLayoutConstraints";
			};
			name = Debug;
		};
		B38923571C6112FD0086DF4D /* Release */ = {
			isa = XCBuildConfiguration;
			buildSettings = {
				BUNDLE_LOADER = "$(TEST_HOST)";
				FRAMEWORK_SEARCH_PATHS = (
					"$(SDKROOT)/Developer/Library/Frameworks",
					"$(inherited)",
				);
				INFOPLIST_FILE = "Basic-ProgrammaticLayoutConstraintsTests/Info.plist";
				LD_RUNPATH_SEARCH_PATHS = "$(inherited) @executable_path/Frameworks @loader_path/Frameworks";
				PRODUCT_NAME = "$(TARGET_NAME)";
				TEST_HOST = "$(BUILT_PRODUCTS_DIR)/Basic-ProgrammaticLayoutConstraints.app/Basic-ProgrammaticLayoutConstraints";
			};
			name = Release;
		};
/* End XCBuildConfiguration section */

/* Begin XCConfigurationList section */
		B389232A1C6112FD0086DF4D /* Build configuration list for PBXProject "Basic-ProgrammaticLayoutConstraints" */ = {
			isa = XCConfigurationList;
			buildConfigurations = (
				B38923501C6112FD0086DF4D /* Debug */,
				B38923511C6112FD0086DF4D /* Release */,
			);
			defaultConfigurationIsVisible = 0;
			defaultConfigurationName = Release;
		};
		B38923521C6112FD0086DF4D /* Build configuration list for PBXNativeTarget "Basic-ProgrammaticLayoutConstraints" */ = {
			isa = XCConfigurationList;
			buildConfigurations = (
				B38923531C6112FD0086DF4D /* Debug */,
				B38923541C6112FD0086DF4D /* Release */,
			);
			defaultConfigurationIsVisible = 0;
		};
		B38923551C6112FD0086DF4D /* Build configuration list for PBXNativeTarget "Basic-ProgrammaticLayoutConstraintsTests" */ = {
			isa = XCConfigurationList;
			buildConfigurations = (
				B38923561C6112FD0086DF4D /* Debug */,
				B38923571C6112FD0086DF4D /* Release */,
			);
			defaultConfigurationIsVisible = 0;
		};
/* End XCConfigurationList section */
	};
	rootObject = B38923271C6112FD0086DF4D /* Project object */;
}
