// !$*UTF8*$!
{
	archiveVersion = 1;
	classes = {
	};
	objectVersion = 46;
	objects = {

/* Begin PBXBuildFile section */
		B38923671C611B3E0086DF4D /* main.m in Sources */ = {isa = PBXBuildFile; fileRef = B38923661C611B3E0086DF4D /* main.m */; };
		B389236A1C611B3E0086DF4D /* AppDelegate.m in Sources */ = {isa = PBXBuildFile; fileRef = B38923691C611B3E0086DF4D /* AppDelegate.m */; };
		B389236D1C611B3E0086DF4D /* ViewController.m in Sources */ = {isa = PBXBuildFile; fileRef = B389236C1C611B3E0086DF4D /* ViewController.m */; };
		B38923721C611B3E0086DF4D /* Images.xcassets in Resources */ = {isa = PBXBuildFile; fileRef = B38923711C611B3E0086DF4D /* Images.xcassets */; };
		B38923751C611B3E0086DF4D /* LaunchScreen.xib in Resources */ = {isa = PBXBuildFile; fileRef = B38923731C611B3E0086DF4D /* LaunchScreen.xib */; };
		B38923811C611B3E0086DF4D /* Basic_IBLayoutConstraintsTests.m in Sources */ = {isa = PBXBuildFile; fileRef = B38923801C611B3E0086DF4D /* Basic_IBLayoutConstraintsTests.m */; };
		B389238B1C611B630086DF4D /* ViewController.xib in Resources */ = {isa = PBXBuildFile; fileRef = B389238A1C611B630086DF4D /* ViewController.xib */; };
/* End PBXBuildFile section */

/* Begin PBXContainerItemProxy section */
		B389237B1C611B3E0086DF4D /* PBXContainerItemProxy */ = {
			isa = PBXContainerItemProxy;
			containerPortal = B38923591C611B3E0086DF4D /* Project object */;
			proxyType = 1;
			remoteGlobalIDString = B38923601C611B3E0086DF4D;
			remoteInfo = "Basic-IBLayoutConstraints";
		};
/* End PBXContainerItemProxy section */

/* Begin PBXFileReference section */
		B38923611C611B3E0086DF4D /* Basic-IBLayoutConstraints.app */ = {isa = PBXFileReference; explicitFileType = wrapper.application; includeInIndex = 0; path = "Basic-IBLayoutConstraints.app"; sourceTree = BUILT_PRODUCTS_DIR; };
		B38923651C611B3E0086DF4D /* Info.plist */ = {isa = PBXFileReference; lastKnownFileType = text.plist.xml; path = Info.plist; sourceTree = "<group>"; };
		B38923661C611B3E0086DF4D /* main.m */ = {isa = PBXFileReference; lastKnownFileType = sourcecode.c.objc; path = main.m; sourceTree = "<group>"; };
		B38923681C611B3E0086DF4D /* AppDelegate.h */ = {isa = PBXFileReference; lastKnownFileType = sourcecode.c.h; path = AppDelegate.h; sourceTree = "<group>"; };
		B38923691C611B3E0086DF4D /* AppDelegate.m */ = {isa = PBXFileReference; lastKnownFileType = sourcecode.c.objc; path = AppDelegate.m; sourceTree = "<group>"; };
		B389236B1C611B3E0086DF4D /* ViewController.h */ = {isa = PBXFileReference; lastKnownFileType = sourcecode.c.h; path = ViewController.h; sourceTree = "<group>"; };
		B389236C1C611B3E0086DF4D /* ViewController.m */ = {isa = PBXFileReference; lastKnownFileType = sourcecode.c.objc; path = ViewController.m; sourceTree = "<group>"; };
		B38923711C611B3E0086DF4D /* Images.xcassets */ = {isa = PBXFileReference; lastKnownFileType = folder.assetcatalog; path = Images.xcassets; sourceTree = "<group>"; };
		B38923741C611B3E0086DF4D /* Base */ = {isa = PBXFileReference; lastKnownFileType = file.xib; name = Base; path = Base.lproj/LaunchScreen.xib; sourceTree = "<group>"; };
		B389237A1C611B3E0086DF4D /* Basic-IBLayoutConstraintsTests.xctest */ = {isa = PBXFileReference; explicitFileType = wrapper.cfbundle; includeInIndex = 0; path = "Basic-IBLayoutConstraintsTests.xctest"; sourceTree = BUILT_PRODUCTS_DIR; };
		B389237F1C611B3E0086DF4D /* Info.plist */ = {isa = PBXFileReference; lastKnownFileType = text.plist.xml; path = Info.plist; sourceTree = "<group>"; };
		B38923801C611B3E0086DF4D /* Basic_IBLayoutConstraintsTests.m */ = {isa = PBXFileReference; lastKnownFileType = sourcecode.c.objc; path = Basic_IBLayoutConstraintsTests.m; sourceTree = "<group>"; };
		B389238A1C611B630086DF4D /* ViewController.xib */ = {isa = PBXFileReference; fileEncoding = 4; lastKnownFileType = file.xib; path = ViewController.xib; sourceTree = "<group>"; };
/* End PBXFileReference section */

/* Begin PBXFrameworksBuildPhase section */
		B389235E1C611B3E0086DF4D /* Frameworks */ = {
			isa = PBXFrameworksBuildPhase;
			buildActionMask = 2147483647;
			files = (
			);
			runOnlyForDeploymentPostprocessing = 0;
		};
		B38923771C611B3E0086DF4D /* Frameworks */ = {
			isa = PBXFrameworksBuildPhase;
			buildActionMask = 2147483647;
			files = (
			);
			runOnlyForDeploymentPostprocessing = 0;
		};
/* End PBXFrameworksBuildPhase section */

/* Begin PBXGroup section */
		B38923581C611B3E0086DF4D = {
			isa = PBXGroup;
			children = (
				B38923631C611B3E0086DF4D /* Basic-IBLayoutConstraints */,
				B389237D1C611B3E0086DF4D /* Basic-IBLayoutConstraintsTests */,
				B38923621C611B3E0086DF4D /* Products */,
			);
			sourceTree = "<group>";
		};
		B38923621C611B3E0086DF4D /* Products */ = {
			isa = PBXGroup;
			children = (
				B38923611C611B3E0086DF4D /* Basic-IBLayoutConstraints.app */,
				B389237A1C611B3E0086DF4D /* Basic-IBLayoutConstraintsTests.xctest */,
			);
			name = Products;
			sourceTree = "<group>";
		};
		B38923631C611B3E0086DF4D /* Basic-IBLayoutConstraints */ = {
			isa = PBXGroup;
			children = (
				B38923681C611B3E0086DF4D /* AppDelegate.h */,
				B38923691C611B3E0086DF4D /* AppDelegate.m */,
				B389236B1C611B3E0086DF4D /* ViewController.h */,
				B389236C1C611B3E0086DF4D /* ViewController.m */,
				B389238A1C611B630086DF4D /* ViewController.xib */,
				B38923711C611B3E0086DF4D /* Images.xcassets */,
				B38923731C611B3E0086DF4D /* LaunchScreen.xib */,
				B38923641C611B3E0086DF4D /* Supporting Files */,
			);
			path = "Basic-IBLayoutConstraints";
			sourceTree = "<group>";
		};
		B38923641C611B3E0086DF4D /* Supporting Files */ = {
			isa = PBXGroup;
			children = (
				B38923651C611B3E0086DF4D /* Info.plist */,
				B38923661C611B3E0086DF4D /* main.m */,
			);
			name = "Supporting Files";
			sourceTree = "<group>";
		};
		B389237D1C611B3E0086DF4D /* Basic-IBLayoutConstraintsTests */ = {
			isa = PBXGroup;
			children = (
				B38923801C611B3E0086DF4D /* Basic_IBLayoutConstraintsTests.m */,
				B389237E1C611B3E0086DF4D /* Supporting Files */,
			);
			path = "Basic-IBLayoutConstraintsTests";
			sourceTree = "<group>";
		};
		B389237E1C611B3E0086DF4D /* Supporting Files */ = {
			isa = PBXGroup;
			children = (
				B389237F1C611B3E0086DF4D /* Info.plist */,
			);
			name = "Supporting Files";
			sourceTree = "<group>";
		};
/* End PBXGroup section */

/* Begin PBXNativeTarget section */
		B38923601C611B3E0086DF4D /* Basic-IBLayoutConstraints */ = {
			isa = PBXNativeTarget;
			buildConfigurationList = B38923841C611B3E0086DF4D /* Build configuration list for PBXNativeTarget "Basic-IBLayoutConstraints" */;
			buildPhases = (
				B389235D1C611B3E0086DF4D /* Sources */,
				B389235E1C611B3E0086DF4D /* Frameworks */,
				B389235F1C611B3E0086DF4D /* Resources */,
			);
			buildRules = (
			);
			dependencies = (
			);
			name = "Basic-IBLayoutConstraints";
			productName = "Basic-IBLayoutConstraints";
			productReference = B38923611C611B3E0086DF4D /* Basic-IBLayoutConstraints.app */;
			productType = "com.apple.product-type.application";
		};
		B38923791C611B3E0086DF4D /* Basic-IBLayoutConstraintsTests */ = {
			isa = PBXNativeTarget;
			buildConfigurationList = B38923871C611B3E0086DF4D /* Build configuration list for PBXNativeTarget "Basic-IBLayoutConstraintsTests" */;
			buildPhases = (
				B38923761C611B3E0086DF4D /* Sources */,
				B38923771C611B3E0086DF4D /* Frameworks */,
				B38923781C611B3E0086DF4D /* Resources */,
			);
			buildRules = (
			);
			dependencies = (
				B389237C1C611B3E0086DF4D /* PBXTargetDependency */,
			);
			name = "Basic-IBLayoutConstraintsTests";
			productName = "Basic-IBLayoutConstraintsTests";
			productReference = B389237A1C611B3E0086DF4D /* Basic-IBLayoutConstraintsTests.xctest */;
			productType = "com.apple.product-type.bundle.unit-test";
		};
/* End PBXNativeTarget section */

/* Begin PBXProject section */
		B38923591C611B3E0086DF4D /* Project object */ = {
			isa = PBXProject;
			attributes = {
				LastUpgradeCheck = 0640;
				ORGANIZATIONNAME = ccl2of4;
				TargetAttributes = {
					B38923601C611B3E0086DF4D = {
						CreatedOnToolsVersion = 6.4;
					};
					B38923791C611B3E0086DF4D = {
						CreatedOnToolsVersion = 6.4;
						TestTargetID = B38923601C611B3E0086DF4D;
					};
				};
			};
			buildConfigurationList = B389235C1C611B3E0086DF4D /* Build configuration list for PBXProject "Basic-IBLayoutConstraints" */;
			compatibilityVersion = "Xcode 3.2";
			developmentRegion = English;
			hasScannedForEncodings = 0;
			knownRegions = (
				en,
				Base,
			);
			mainGroup = B38923581C611B3E0086DF4D;
			productRefGroup = B38923621C611B3E0086DF4D /* Products */;
			projectDirPath = "";
			projectRoot = "";
			targets = (
				B38923601C611B3E0086DF4D /* Basic-IBLayoutConstraints */,
				B38923791C611B3E0086DF4D /* Basic-IBLayoutConstraintsTests */,
			);
		};
/* End PBXProject section */

/* Begin PBXResourcesBuildPhase section */
		B389235F1C611B3E0086DF4D /* Resources */ = {
			isa = PBXResourcesBuildPhase;
			buildActionMask = 2147483647;
			files = (
				B38923751C611B3E0086DF4D /* LaunchScreen.xib in Resources */,
				B389238B1C611B630086DF4D /* ViewController.xib in Resources */,
				B38923721C611B3E0086DF4D /* Images.xcassets in Resources */,
			);
			runOnlyForDeploymentPostprocessing = 0;
		};
		B38923781C611B3E0086DF4D /* Resources */ = {
			isa = PBXResourcesBuildPhase;
			buildActionMask = 2147483647;
			files = (
			);
			runOnlyForDeploymentPostprocessing = 0;
		};
/* End PBXResourcesBuildPhase section */

/* Begin PBXSourcesBuildPhase section */
		B389235D1C611B3E0086DF4D /* Sources */ = {
			isa = PBXSourcesBuildPhase;
			buildActionMask = 2147483647;
			files = (
				B389236D1C611B3E0086DF4D /* ViewController.m in Sources */,
				B389236A1C611B3E0086DF4D /* AppDelegate.m in Sources */,
				B38923671C611B3E0086DF4D /* main.m in Sources */,
			);
			runOnlyForDeploymentPostprocessing = 0;
		};
		B38923761C611B3E0086DF4D /* Sources */ = {
			isa = PBXSourcesBuildPhase;
			buildActionMask = 2147483647;
			files = (
				B38923811C611B3E0086DF4D /* Basic_IBLayoutConstraintsTests.m in Sources */,
			);
			runOnlyForDeploymentPostprocessing = 0;
		};
/* End PBXSourcesBuildPhase section */

/* Begin PBXTargetDependency section */
		B389237C1C611B3E0086DF4D /* PBXTargetDependency */ = {
			isa = PBXTargetDependency;
			target = B38923601C611B3E0086DF4D /* Basic-IBLayoutConstraints */;
			targetProxy = B389237B1C611B3E0086DF4D /* PBXContainerItemProxy */;
		};
/* End PBXTargetDependency section */

/* Begin PBXVariantGroup section */
		B38923731C611B3E0086DF4D /* LaunchScreen.xib */ = {
			isa = PBXVariantGroup;
			children = (
				B38923741C611B3E0086DF4D /* Base */,
			);
			name = LaunchScreen.xib;
			sourceTree = "<group>";
		};
/* End PBXVariantGroup section */

/* Begin XCBuildConfiguration section */
		B38923821C611B3E0086DF4D /* Debug */ = {
			isa = XCBuildConfiguration;
			buildSettings = {
				ALWAYS_SEARCH_USER_PATHS = NO;
				CLANG_CXX_LANGUAGE_STANDARD = "gnu++0x";
				CLANG_CXX_LIBRARY = "libc++";
				CLANG_ENABLE_MODULES = YES;
				CLANG_ENABLE_OBJC_ARC = YES;
				CLANG_WARN_BOOL_CONVERSION = YES;
				CLANG_WARN_CONSTANT_CONVERSION = YES;
				CLANG_WARN_DIRECT_OBJC_ISA_USAGE = YES_ERROR;
				CLANG_WARN_EMPTY_BODY = YES;
				CLANG_WARN_ENUM_CONVERSION = YES;
				CLANG_WARN_INT_CONVERSION = YES;
				CLANG_WARN_OBJC_ROOT_CLASS = YES_ERROR;
				CLANG_WARN_UNREACHABLE_CODE = YES;
				CLANG_WARN__DUPLICATE_METHOD_MATCH = YES;
				"CODE_SIGN_IDENTITY[sdk=iphoneos*]" = "iPhone Developer";
				COPY_PHASE_STRIP = NO;
				DEBUG_INFORMATION_FORMAT = "dwarf-with-dsym";
				ENABLE_STRICT_OBJC_MSGSEND = YES;
				GCC_C_LANGUAGE_STANDARD = gnu99;
				GCC_DYNAMIC_NO_PIC = NO;
				GCC_NO_COMMON_BLOCKS = YES;
				GCC_OPTIMIZATION_LEVEL = 0;
				GCC_PREPROCESSOR_DEFINITIONS = (
					"DEBUG=1",
					"$(inherited)",
				);
				GCC_SYMBOLS_PRIVATE_EXTERN = NO;
				GCC_WARN_64_TO_32_BIT_CONVERSION = YES;
				GCC_WARN_ABOUT_RETURN_TYPE = YES_ERROR;
				GCC_WARN_UNDECLARED_SELECTOR = YES;
				GCC_WARN_UNINITIALIZED_AUTOS = YES_AGGRESSIVE;
				GCC_WARN_UNUSED_FUNCTION = YES;
				GCC_WARN_UNUSED_VARIABLE = YES;
				IPHONEOS_DEPLOYMENT_TARGET = 8.4;
				MTL_ENABLE_DEBUG_INFO = YES;
				ONLY_ACTIVE_ARCH = YES;
				SDKROOT = iphoneos;
				TARGETED_DEVICE_FAMILY = "1,2";
			};
			name = Debug;
		};
		B38923831C611B3E0086DF4D /* Release */ = {
			isa = XCBuildConfiguration;
			buildSettings = {
				ALWAYS_SEARCH_USER_PATHS = NO;
				CLANG_CXX_LANGUAGE_STANDARD = "gnu++0x";
				CLANG_CXX_LIBRARY = "libc++";
				CLANG_ENABLE_MODULES = YES;
				CLANG_ENABLE_OBJC_ARC = YES;
				CLANG_WARN_BOOL_CONVERSION = YES;
				CLANG_WARN_CONSTANT_CONVERSION = YES;
				CLANG_WARN_DIRECT_OBJC_ISA_USAGE = YES_ERROR;
				CLANG_WARN_EMPTY_BODY = YES;
				CLANG_WARN_ENUM_CONVERSION = YES;
				CLANG_WARN_INT_CONVERSION = YES;
				CLANG_WARN_OBJC_ROOT_CLASS = YES_ERROR;
				CLANG_WARN_UNREACHABLE_CODE = YES;
				CLANG_WARN__DUPLICATE_METHOD_MATCH = YES;
				"CODE_SIGN_IDENTITY[sdk=iphoneos*]" = "iPhone Developer";
				COPY_PHASE_STRIP = NO;
				DEBUG_INFORMATION_FORMAT = "dwarf-with-dsym";
				ENABLE_NS_ASSERTIONS = NO;
				ENABLE_STRICT_OBJC_MSGSEND = YES;
				GCC_C_LANGUAGE_STANDARD = gnu99;
				GCC_NO_COMMON_BLOCKS = YES;
				GCC_WARN_64_TO_32_BIT_CONVERSION = YES;
				GCC_WARN_ABOUT_RETURN_TYPE = YES_ERROR;
				GCC_WARN_UNDECLARED_SELECTOR = YES;
				GCC_WARN_UNINITIALIZED_AUTOS = YES_AGGRESSIVE;
				GCC_WARN_UNUSED_FUNCTION = YES;
				GCC_WARN_UNUSED_VARIABLE = YES;
				IPHONEOS_DEPLOYMENT_TARGET = 8.4;
				MTL_ENABLE_DEBUG_INFO = NO;
				SDKROOT = iphoneos;
				TARGETED_DEVICE_FAMILY = "1,2";
				VALIDATE_PRODUCT = YES;
			};
			name = Release;
		};
		B38923851C611B3E0086DF4D /* Debug */ = {
			isa = XCBuildConfiguration;
			buildSettings = {
				ASSETCATALOG_COMPILER_APPICON_NAME = AppIcon;
				INFOPLIST_FILE = "Basic-IBLayoutConstraints/Info.plist";
				LD_RUNPATH_SEARCH_PATHS = "$(inherited) @executable_path/Frameworks";
				PRODUCT_NAME = "$(TARGET_NAME)";
			};
			name = Debug;
		};
		B38923861C611B3E0086DF4D /* Release */ = {
			isa = XCBuildConfiguration;
			buildSettings = {
				ASSETCATALOG_COMPILER_APPICON_NAME = AppIcon;
				INFOPLIST_FILE = "Basic-IBLayoutConstraints/Info.plist";
				LD_RUNPATH_SEARCH_PATHS = "$(inherited) @executable_path/Frameworks";
				PRODUCT_NAME = "$(TARGET_NAME)";
			};
			name = Release;
		};
		B38923881C611B3E0086DF4D /* Debug */ = {
			isa = XCBuildConfiguration;
			buildSettings = {
				BUNDLE_LOADER = "$(TEST_HOST)";
				FRAMEWORK_SEARCH_PATHS = (
					"$(SDKROOT)/Developer/Library/Frameworks",
					"$(inherited)",
				);
				GCC_PREPROCESSOR_DEFINITIONS = (
					"DEBUG=1",
					"$(inherited)",
				);
				INFOPLIST_FILE = "Basic-IBLayoutConstraintsTests/Info.plist";
				LD_RUNPATH_SEARCH_PATHS = "$(inherited) @executable_path/Frameworks @loader_path/Frameworks";
				PRODUCT_NAME = "$(TARGET_NAME)";
				TEST_HOST = "$(BUILT_PRODUCTS_DIR)/Basic-IBLayoutConstraints.app/Basic-IBLayoutConstraints";
			};
			name = Debug;
		};
		B38923891C611B3E0086DF4D /* Release */ = {
			isa = XCBuildConfiguration;
			buildSettings = {
				BUNDLE_LOADER = "$(TEST_HOST)";
				FRAMEWORK_SEARCH_PATHS = (
					"$(SDKROOT)/Developer/Library/Frameworks",
					"$(inherited)",
				);
				INFOPLIST_FILE = "Basic-IBLayoutConstraintsTests/Info.plist";
				LD_RUNPATH_SEARCH_PATHS = "$(inherited) @executable_path/Frameworks @loader_path/Frameworks";
				PRODUCT_NAME = "$(TARGET_NAME)";
				TEST_HOST = "$(BUILT_PRODUCTS_DIR)/Basic-IBLayoutConstraints.app/Basic-IBLayoutConstraints";
			};
			name = Release;
		};
/* End XCBuildConfiguration section */

/* Begin XCConfigurationList section */
		B389235C1C611B3E0086DF4D /* Build configuration list for PBXProject "Basic-IBLayoutConstraints" */ = {
			isa = XCConfigurationList;
			buildConfigurations = (
				B38923821C611B3E0086DF4D /* Debug */,
				B38923831C611B3E0086DF4D /* Release */,
			);
			defaultConfigurationIsVisible = 0;
			defaultConfigurationName = Release;
		};
		B38923841C611B3E0086DF4D /* Build configuration list for PBXNativeTarget "Basic-IBLayoutConstraints" */ = {
			isa = XCConfigurationList;
			buildConfigurations = (
				B38923851C611B3E0086DF4D /* Debug */,
				B38923861C611B3E0086DF4D /* Release */,
			);
			defaultConfigurationIsVisible = 0;
		};
		B38923871C611B3E0086DF4D /* Build configuration list for PBXNativeTarget "Basic-IBLayoutConstraintsTests" */ = {
			isa = XCConfigurationList;
			buildConfigurations = (
				B38923881C611B3E0086DF4D /* Debug */,
				B38923891C611B3E0086DF4D /* Release */,
			);
			defaultConfigurationIsVisible = 0;
		};
/* End XCConfigurationList section */
	};
	rootObject = B38923591C611B3E0086DF4D /* Project object */;
}
